// This is a placeholder for the project.pbxproj file.
// A real Xcode project file is a complex, machine-generated file
// that defines all targets, files, build settings, and configurations.
// It is highly recommended to generate this file using Xcode.
// The current content is minimal and will likely not be sufficient for a successful build.
{
    archiveVersion = 1;
    classes = {
    };
    objectVersion = 56;
    objects = {
    };
}
